<Solution>
  <Folder Name="/src/" />
  <Folder Name="/src/01-Deque/">
    <Project Path="src/01-Deque/DequeExercises.csproj" />
  </Folder>
  <Folder Name="/src/02-PriorityQueue/">
    <Project Path="src/02-PriorityQueue/PriorityQueueExercises.csproj" />
  </Folder>
  <Folder Name="/src/03-AsyncAwait/">
    <Project Path="src/03-AsyncAwait/AsyncAwaitExercises.csproj" />
  </Folder>
  <Folder Name="/src/04-Channel/">
    <Project Path="src/04-Channel/ChannelExercises.csproj" />
  </Folder>
  <Folder Name="/src/05-BackgroundService/">
    <Project Path="src/05-BackgroundService/BackgroundServiceExercises.csproj" />
  </Folder>
  <Folder Name="/src/06-TaskApi/">
    <Project Path="src/06-TaskApi/TaskApi.csproj" />
  </Folder>
</Solution>
